// !$*UTF8*$!
{
	archiveVersion = 1;
	classes = {
	};
	objectVersion = 46;
	objects = {

/* Begin PBXBuildFile section */
		AD220FB71EB1A31D00A39262 /* AppDelegate.swift in Sources */ = {isa = PBXBuildFile; fileRef = AD220FB61EB1A31D00A39262 /* AppDelegate.swift */; };
		AD220FBC1EB1A31D00A39262 /* Main.storyboard in Resources */ = {isa = PBXBuildFile; fileRef = AD220FBA1EB1A31D00A39262 /* Main.storyboard */; };
		AD220FBE1EB1A31D00A39262 /* Assets.xcassets in Resources */ = {isa = PBXBuildFile; fileRef = AD220FBD1EB1A31D00A39262 /* Assets.xcassets */; };
		AD220FC11EB1A31D00A39262 /* LaunchScreen.storyboard in Resources */ = {isa = PBXBuildFile; fileRef = AD220FBF1EB1A31D00A39262 /* LaunchScreen.storyboard */; };
		AD220FCE1EB1D20E00A39262 /* VC01.swift in Sources */ = {isa = PBXBuildFile; fileRef = AD220FCD1EB1D20E00A39262 /* VC01.swift */; };
		AD220FD01EB1D57200A39262 /* ViewController.swift in Sources */ = {isa = PBXBuildFile; fileRef = AD220FCF1EB1D57200A39262 /* ViewController.swift */; };
		AD220FD41EB1D84000A39262 /* Bundle+Extension.swift in Sources */ = {isa = PBXBuildFile; fileRef = AD220FD31EB1D84000A39262 /* Bundle+Extension.swift */; };
		AD220FD61EB1DA8500A39262 /* BaseViewController.swift in Sources */ = {isa = PBXBuildFile; fileRef = AD220FD51EB1DA8500A39262 /* BaseViewController.swift */; };
		ADF1B1901EB8708D007FAC40 /* VC01_C.c in Sources */ = {isa = PBXBuildFile; fileRef = ADF1B18E1EB8708D007FAC40 /* VC01_C.c */; };
/* End PBXBuildFile section */

/* Begin PBXFileReference section */
		AD220FB31EB1A31D00A39262 /* 算法Test.app */ = {isa = PBXFileReference; explicitFileType = wrapper.application; includeInIndex = 0; path = "算法Test.app"; sourceTree = BUILT_PRODUCTS_DIR; };
		AD220FB61EB1A31D00A39262 /* AppDelegate.swift */ = {isa = PBXFileReference; lastKnownFileType = sourcecode.swift; path = AppDelegate.swift; sourceTree = "<group>"; };
		AD220FBB1EB1A31D00A39262 /* Base */ = {isa = PBXFileReference; lastKnownFileType = file.storyboard; name = Base; path = Base.lproj/Main.storyboard; sourceTree = "<group>"; };
		AD220FBD1EB1A31D00A39262 /* Assets.xcassets */ = {isa = PBXFileReference; lastKnownFileType = folder.assetcatalog; path = Assets.xcassets; sourceTree = "<group>"; };
		AD220FC01EB1A31D00A39262 /* Base */ = {isa = PBXFileReference; lastKnownFileType = file.storyboard; name = Base; path = Base.lproj/LaunchScreen.storyboard; sourceTree = "<group>"; };
		AD220FC21EB1A31D00A39262 /* Info.plist */ = {isa = PBXFileReference; lastKnownFileType = text.plist.xml; path = Info.plist; sourceTree = "<group>"; };
		AD220FCD1EB1D20E00A39262 /* VC01.swift */ = {isa = PBXFileReference; fileEncoding = 4; lastKnownFileType = sourcecode.swift; path = VC01.swift; sourceTree = "<group>"; };
		AD220FCF1EB1D57200A39262 /* ViewController.swift */ = {isa = PBXFileReference; fileEncoding = 4; lastKnownFileType = sourcecode.swift; path = ViewController.swift; sourceTree = "<group>"; };
		AD220FD31EB1D84000A39262 /* Bundle+Extension.swift */ = {isa = PBXFileReference; fileEncoding = 4; lastKnownFileType = sourcecode.swift; path = "Bundle+Extension.swift"; sourceTree = "<group>"; };
		AD220FD51EB1DA8500A39262 /* BaseViewController.swift */ = {isa = PBXFileReference; fileEncoding = 4; lastKnownFileType = sourcecode.swift; path = BaseViewController.swift; sourceTree = "<group>"; };
		ADF1B18D1EB8708C007FAC40 /* 算法Test-Bridging-Header.h */ = {isa = PBXFileReference; lastKnownFileType = sourcecode.c.h; path = "算法Test-Bridging-Header.h"; sourceTree = "<group>"; };
		ADF1B18E1EB8708D007FAC40 /* VC01_C.c */ = {isa = PBXFileReference; fileEncoding = 4; lastKnownFileType = sourcecode.c.c; path = VC01_C.c; sourceTree = "<group>"; };
		ADF1B18F1EB8708D007FAC40 /* VC01_C.h */ = {isa = PBXFileReference; fileEncoding = 4; lastKnownFileType = sourcecode.c.h; path = VC01_C.h; sourceTree = "<group>"; };
/* End PBXFileReference section */

/* Begin PBXFrameworksBuildPhase section */
		AD220FB01EB1A31D00A39262 /* Frameworks */ = {
			isa = PBXFrameworksBuildPhase;
			buildActionMask = 2147483647;
			files = (
			);
			runOnlyForDeploymentPostprocessing = 0;
		};
/* End PBXFrameworksBuildPhase section */

/* Begin PBXGroup section */
		AD220FAA1EB1A31D00A39262 = {
			isa = PBXGroup;
			children = (
				ADF1B18E1EB8708D007FAC40 /* VC01_C.c */,
				ADF1B18F1EB8708D007FAC40 /* VC01_C.h */,
				AD220FB51EB1A31D00A39262 /* 算法Test */,
				AD220FB41EB1A31D00A39262 /* Products */,
				ADF1B18D1EB8708C007FAC40 /* 算法Test-Bridging-Header.h */,
			);
			sourceTree = "<group>";
		};
		AD220FB41EB1A31D00A39262 /* Products */ = {
			isa = PBXGroup;
			children = (
				AD220FB31EB1A31D00A39262 /* 算法Test.app */,
			);
			name = Products;
			sourceTree = "<group>";
		};
		AD220FB51EB1A31D00A39262 /* 算法Test */ = {
			isa = PBXGroup;
			children = (
				AD220FD11EB1D82200A39262 /* Tool */,
				AD220FCC1EB1D1CD00A39262 /* 第1章 */,
				AD220FB61EB1A31D00A39262 /* AppDelegate.swift */,
				AD220FBA1EB1A31D00A39262 /* Main.storyboard */,
				AD220FCF1EB1D57200A39262 /* ViewController.swift */,
				AD220FBD1EB1A31D00A39262 /* Assets.xcassets */,
				AD220FBF1EB1A31D00A39262 /* LaunchScreen.storyboard */,
				AD220FC21EB1A31D00A39262 /* Info.plist */,
				AD220FD51EB1DA8500A39262 /* BaseViewController.swift */,
			);
			path = "算法Test";
			sourceTree = "<group>";
		};
		AD220FCC1EB1D1CD00A39262 /* 第1章 */ = {
			isa = PBXGroup;
			children = (
				AD220FCD1EB1D20E00A39262 /* VC01.swift */,
			);
			path = "第1章";
			sourceTree = "<group>";
		};
		AD220FD11EB1D82200A39262 /* Tool */ = {
			isa = PBXGroup;
			children = (
				AD220FD21EB1D82200A39262 /* Extension */,
			);
			path = Tool;
			sourceTree = "<group>";
		};
		AD220FD21EB1D82200A39262 /* Extension */ = {
			isa = PBXGroup;
			children = (
				AD220FD31EB1D84000A39262 /* Bundle+Extension.swift */,
			);
			path = Extension;
			sourceTree = "<group>";
		};
/* End PBXGroup section */

/* Begin PBXNativeTarget section */
		AD220FB21EB1A31D00A39262 /* 算法Test */ = {
			isa = PBXNativeTarget;
			buildConfigurationList = AD220FC51EB1A31D00A39262 /* Build configuration list for PBXNativeTarget "算法Test" */;
			buildPhases = (
				AD220FAF1EB1A31D00A39262 /* Sources */,
				AD220FB01EB1A31D00A39262 /* Frameworks */,
				AD220FB11EB1A31D00A39262 /* Resources */,
			);
			buildRules = (
			);
			dependencies = (
			);
			name = "算法Test";
			productName = "算法Test";
			productReference = AD220FB31EB1A31D00A39262 /* 算法Test.app */;
			productType = "com.apple.product-type.application";
		};
/* End PBXNativeTarget section */

/* Begin PBXProject section */
		AD220FAB1EB1A31D00A39262 /* Project object */ = {
			isa = PBXProject;
			attributes = {
				LastSwiftUpdateCheck = 0830;
				LastUpgradeCheck = 0830;
				ORGANIZATIONNAME = DFD;
				TargetAttributes = {
					AD220FB21EB1A31D00A39262 = {
						CreatedOnToolsVersion = 8.3.1;
						LastSwiftMigration = 0830;
						ProvisioningStyle = Automatic;
					};
				};
			};
			buildConfigurationList = AD220FAE1EB1A31D00A39262 /* Build configuration list for PBXProject "算法Test" */;
			compatibilityVersion = "Xcode 3.2";
			developmentRegion = English;
			hasScannedForEncodings = 0;
			knownRegions = (
				en,
				Base,
			);
			mainGroup = AD220FAA1EB1A31D00A39262;
			productRefGroup = AD220FB41EB1A31D00A39262 /* Products */;
			projectDirPath = "";
			projectRoot = "";
			targets = (
				AD220FB21EB1A31D00A39262 /* 算法Test */,
			);
		};
/* End PBXProject section */

/* Begin PBXResourcesBuildPhase section */
		AD220FB11EB1A31D00A39262 /* Resources */ = {
			isa = PBXResourcesBuildPhase;
			buildActionMask = 2147483647;
			files = (
				AD220FC11EB1A31D00A39262 /* LaunchScreen.storyboard in Resources */,
				AD220FBE1EB1A31D00A39262 /* Assets.xcassets in Resources */,
				AD220FBC1EB1A31D00A39262 /* Main.storyboard in Resources */,
			);
			runOnlyForDeploymentPostprocessing = 0;
		};
/* End PBXResourcesBuildPhase section */

/* Begin PBXSourcesBuildPhase section */
		AD220FAF1EB1A31D00A39262 /* Sources */ = {
			isa = PBXSourcesBuildPhase;
			buildActionMask = 2147483647;
			files = (
				AD220FD61EB1DA8500A39262 /* BaseViewController.swift in Sources */,
				ADF1B1901EB8708D007FAC40 /* VC01_C.c in Sources */,
				AD220FD01EB1D57200A39262 /* ViewController.swift in Sources */,
				AD220FCE1EB1D20E00A39262 /* VC01.swift in Sources */,
				AD220FB71EB1A31D00A39262 /* AppDelegate.swift in Sources */,
				AD220FD41EB1D84000A39262 /* Bundle+Extension.swift in Sources */,
			);
			runOnlyForDeploymentPostprocessing = 0;
		};
/* End PBXSourcesBuildPhase section */

/* Begin PBXVariantGroup section */
		AD220FBA1EB1A31D00A39262 /* Main.storyboard */ = {
			isa = PBXVariantGroup;
			children = (
				AD220FBB1EB1A31D00A39262 /* Base */,
			);
			name = Main.storyboard;
			sourceTree = "<group>";
		};
		AD220FBF1EB1A31D00A39262 /* LaunchScreen.storyboard */ = {
			isa = PBXVariantGroup;
			children = (
				AD220FC01EB1A31D00A39262 /* Base */,
			);
			name = LaunchScreen.storyboard;
			sourceTree = "<group>";
		};
/* End PBXVariantGroup section */

/* Begin XCBuildConfiguration section */
		AD220FC31EB1A31D00A39262 /* Debug */ = {
			isa = XCBuildConfiguration;
			buildSettings = {
				ALWAYS_SEARCH_USER_PATHS = NO;
				CLANG_ANALYZER_NONNULL = YES;
				CLANG_ANALYZER_NUMBER_OBJECT_CONVERSION = YES_AGGRESSIVE;
				CLANG_CXX_LANGUAGE_STANDARD = "gnu++0x";
				CLANG_CXX_LIBRARY = "libc++";
				CLANG_ENABLE_MODULES = YES;
				CLANG_ENABLE_OBJC_ARC = YES;
				CLANG_WARN_BOOL_CONVERSION = YES;
				CLANG_WARN_CONSTANT_CONVERSION = YES;
				CLANG_WARN_DIRECT_OBJC_ISA_USAGE = YES_ERROR;
				CLANG_WARN_DOCUMENTATION_COMMENTS = YES;
				CLANG_WARN_EMPTY_BODY = YES;
				CLANG_WARN_ENUM_CONVERSION = YES;
				CLANG_WARN_INFINITE_RECURSION = YES;
				CLANG_WARN_INT_CONVERSION = YES;
				CLANG_WARN_OBJC_ROOT_CLASS = YES_ERROR;
				CLANG_WARN_SUSPICIOUS_MOVE = YES;
				CLANG_WARN_UNREACHABLE_CODE = YES;
				CLANG_WARN__DUPLICATE_METHOD_MATCH = YES;
				"CODE_SIGN_IDENTITY[sdk=iphoneos*]" = "iPhone Developer";
				COPY_PHASE_STRIP = NO;
				DEBUG_INFORMATION_FORMAT = dwarf;
				ENABLE_STRICT_OBJC_MSGSEND = YES;
				ENABLE_TESTABILITY = YES;
				GCC_C_LANGUAGE_STANDARD = gnu99;
				GCC_DYNAMIC_NO_PIC = NO;
				GCC_NO_COMMON_BLOCKS = YES;
				GCC_OPTIMIZATION_LEVEL = 0;
				GCC_PREPROCESSOR_DEFINITIONS = (
					"DEBUG=1",
					"$(inherited)",
				);
				GCC_WARN_64_TO_32_BIT_CONVERSION = YES;
				GCC_WARN_ABOUT_RETURN_TYPE = YES_ERROR;
				GCC_WARN_UNDECLARED_SELECTOR = YES;
				GCC_WARN_UNINITIALIZED_AUTOS = YES_AGGRESSIVE;
				GCC_WARN_UNUSED_FUNCTION = YES;
				GCC_WARN_UNUSED_VARIABLE = YES;
				IPHONEOS_DEPLOYMENT_TARGET = 10.3;
				MTL_ENABLE_DEBUG_INFO = YES;
				ONLY_ACTIVE_ARCH = YES;
				SDKROOT = iphoneos;
				SWIFT_ACTIVE_COMPILATION_CONDITIONS = DEBUG;
				SWIFT_OPTIMIZATION_LEVEL = "-Onone";
			};
			name = Debug;
		};
		AD220FC41EB1A31D00A39262 /* Release */ = {
			isa = XCBuildConfiguration;
			buildSettings = {
				ALWAYS_SEARCH_USER_PATHS = NO;
				CLANG_ANALYZER_NONNULL = YES;
				CLANG_ANALYZER_NUMBER_OBJECT_CONVERSION = YES_AGGRESSIVE;
				CLANG_CXX_LANGUAGE_STANDARD = "gnu++0x";
				CLANG_CXX_LIBRARY = "libc++";
				CLANG_ENABLE_MODULES = YES;
				CLANG_ENABLE_OBJC_ARC = YES;
				CLANG_WARN_BOOL_CONVERSION = YES;
				CLANG_WARN_CONSTANT_CONVERSION = YES;
				CLANG_WARN_DIRECT_OBJC_ISA_USAGE = YES_ERROR;
				CLANG_WARN_DOCUMENTATION_COMMENTS = YES;
				CLANG_WARN_EMPTY_BODY = YES;
				CLANG_WARN_ENUM_CONVERSION = YES;
				CLANG_WARN_INFINITE_RECURSION = YES;
				CLANG_WARN_INT_CONVERSION = YES;
				CLANG_WARN_OBJC_ROOT_CLASS = YES_ERROR;
				CLANG_WARN_SUSPICIOUS_MOVE = YES;
				CLANG_WARN_UNREACHABLE_CODE = YES;
				CLANG_WARN__DUPLICATE_METHOD_MATCH = YES;
				"CODE_SIGN_IDENTITY[sdk=iphoneos*]" = "iPhone Developer";
				COPY_PHASE_STRIP = NO;
				DEBUG_INFORMATION_FORMAT = "dwarf-with-dsym";
				ENABLE_NS_ASSERTIONS = NO;
				ENABLE_STRICT_OBJC_MSGSEND = YES;
				GCC_C_LANGUAGE_STANDARD = gnu99;
				GCC_NO_COMMON_BLOCKS = YES;
				GCC_WARN_64_TO_32_BIT_CONVERSION = YES;
				GCC_WARN_ABOUT_RETURN_TYPE = YES_ERROR;
				GCC_WARN_UNDECLARED_SELECTOR = YES;
				GCC_WARN_UNINITIALIZED_AUTOS = YES_AGGRESSIVE;
				GCC_WARN_UNUSED_FUNCTION = YES;
				GCC_WARN_UNUSED_VARIABLE = YES;
				IPHONEOS_DEPLOYMENT_TARGET = 10.3;
				MTL_ENABLE_DEBUG_INFO = NO;
				SDKROOT = iphoneos;
				SWIFT_OPTIMIZATION_LEVEL = "-Owholemodule";
				VALIDATE_PRODUCT = YES;
			};
			name = Release;
		};
		AD220FC61EB1A31D00A39262 /* Debug */ = {
			isa = XCBuildConfiguration;
			buildSettings = {
				ASSETCATALOG_COMPILER_APPICON_NAME = AppIcon;
				CLANG_ENABLE_MODULES = YES;
				INFOPLIST_FILE = "算法Test/Info.plist";
				LD_RUNPATH_SEARCH_PATHS = "$(inherited) @executable_path/Frameworks";
				PRODUCT_BUNDLE_IDENTIFIER = "com.dfd.testApp.--Test";
				PRODUCT_NAME = "$(TARGET_NAME)";
				SWIFT_OBJC_BRIDGING_HEADER = "算法Test-Bridging-Header.h";
				SWIFT_OPTIMIZATION_LEVEL = "-Onone";
				SWIFT_VERSION = 3.0;
			};
			name = Debug;
		};
		AD220FC71EB1A31D00A39262 /* Release */ = {
			isa = XCBuildConfiguration;
			buildSettings = {
				ASSETCATALOG_COMPILER_APPICON_NAME = AppIcon;
				CLANG_ENABLE_MODULES = YES;
				INFOPLIST_FILE = "算法Test/Info.plist";
				LD_RUNPATH_SEARCH_PATHS = "$(inherited) @executable_path/Frameworks";
				PRODUCT_BUNDLE_IDENTIFIER = "com.dfd.testApp.--Test";
				PRODUCT_NAME = "$(TARGET_NAME)";
				SWIFT_OBJC_BRIDGING_HEADER = "算法Test-Bridging-Header.h";
				SWIFT_VERSION = 3.0;
			};
			name = Release;
		};
/* End XCBuildConfiguration section */

/* Begin XCConfigurationList section */
		AD220FAE1EB1A31D00A39262 /* Build configuration list for PBXProject "算法Test" */ = {
			isa = XCConfigurationList;
			buildConfigurations = (
				AD220FC31EB1A31D00A39262 /* Debug */,
				AD220FC41EB1A31D00A39262 /* Release */,
			);
			defaultConfigurationIsVisible = 0;
			defaultConfigurationName = Release;
		};
		AD220FC51EB1A31D00A39262 /* Build configuration list for PBXNativeTarget "算法Test" */ = {
			isa = XCConfigurationList;
			buildConfigurations = (
				AD220FC61EB1A31D00A39262 /* Debug */,
				AD220FC71EB1A31D00A39262 /* Release */,
			);
			defaultConfigurationIsVisible = 0;
			defaultConfigurationName = Release;
		};
/* End XCConfigurationList section */
	};
	rootObject = AD220FAB1EB1A31D00A39262 /* Project object */;
}
